{
  "name": "api",
  "version": "1.0.0",
  "lockfileVersion": 3,
  "requires": true,
  "packages": {
    "": {
      "name": "api",
      "version": "1.0.0",
      "dependencies": {
        "webm-to-wav-converter": "^1.1.0"
      },
      "devDependencies": {}
    },
    "node_modules/webm-to-wav-converter": {
      "version": "1.1.0",
      "resolved": "https://registry.npmjs.org/webm-to-wav-converter/-/webm-to-wav-converter-1.1.0.tgz",
      "integrity": "sha512-fOtPan5a46N3Lss8mPJ8KGgJ0id+Sa7k8Glj6g7Rlt6SBWsLGjgZ3FIO0P1Y+r/GDe5Z/+fgaDGedS6ORPyksQ=="
    }
  }
}
